# This file is autogenerated, do not edit; changes may be undone by the next 'dep ensure'.


[[projects]]
  name = "github.com/StackExchange/wmi"
  packages = ["."]
  revision = "5d049714c4a64225c3c79a7cf7d02f7fb5b96338"
  version = "1.0.0"

[[projects]]
  name = "github.com/aws/aws-sdk-go-v2"
  packages = [
    "aws",
    "aws/awserr",
    "aws/defaults",
    "aws/ec2metadata",
    "aws/ec2rolecreds",
    "aws/endpointcreds",
    "aws/endpoints",
    "aws/external",
    "aws/signer/v4",
    "aws/stscreds",
    "internal/awsutil",
    "internal/sdk",
    "private/protocol",
    "private/protocol/query",
    "private/protocol/query/queryutil",
    "private/protocol/rest",
    "private/protocol/xml/xmlutil",
    "service/cloudwatch",
    "service/sts"
  ]
  revision = "ff1a530c31507c97cf5edbee226e604ca08661cc"
  version = "v2.0.0-preview.4"

[[projects]]
  name = "github.com/go-ini/ini"
  packages = ["."]
  revision = "06f5f3d67269ccec1fe5fe4134ba6e982984f7f5"
  version = "v1.37.0"

[[projects]]
  name = "github.com/go-ole/go-ole"
  packages = [
    ".",
    "oleutil"
  ]
  revision = "a41e3c4b706f6ae8dfbff342b06e40fa4d2d0506"
  version = "v1.2.1"

[[projects]]
  name = "github.com/jmespath/go-jmespath"
  packages = ["."]
  revision = "0b12d6b5"

[[projects]]
  name = "github.com/shirou/gopsutil"
  packages = [
    "cpu",
    "disk",
    "docker",
    "internal/common",
    "mem",
    "net"
  ]
  revision = "eeb1d38d69593f121e060d24d17f7b1f0936b203"
  version = "v2.18.05"

[[projects]]
  name = "github.com/urfave/cli"
  packages = ["."]
  revision = "cfb38830724cc34fedffe9a2a29fb54fa9169cd1"
  version = "v1.20.0"

[[projects]]
  branch = "master"
  name = "golang.org/x/sys"
  packages = [
    "unix",
    "windows"
  ]
  revision = "9527bec2660bd847c050fda93a0f0c6dee0800bb"

[solve-meta]
  analyzer-name = "dep"
  analyzer-version = 1
  inputs-digest = "1a9a342fb9042d6cd479b3674eb75a1dbabfc4704ed021437821b98d7c1651b4"
  solver-name = "gps-cdcl"
  solver-version = 1
